
Microsoft Visual Studio Solution File, Format Version 12.00
# Visual Studio Version 16
VisualStudioVersion = 16.6.30114.105
MinimumVisualStudioVersion = 10.0.40219.1
Project("{FAE04EC0-301F-11D3-BF4B-00C04F79EFBC}") = "Domain", "Domain\Domain.csproj", "{7CF1617B-9DA0-450D-A85F-E055BA399EA6}"
EndProject
Project("{FAE04EC0-301F-11D3-BF4B-00C04F79EFBC}") = "Application", "Application\Application.csproj", "{05D687DE-E88A-40E8-86B0-CEEB9CC16F48}"
EndProject
Project("{FAE04EC0-301F-11D3-BF4B-00C04F79EFBC}") = "Persistence", "Persistence\Persistence.csproj", "{8B9D9B10-9869-4682-924B-72951EB6A35E}"
EndProject
Project("{FAE04EC0-301F-11D3-BF4B-00C04F79EFBC}") = "API", "API\API.csproj", "{D14752BE-8381-44F5-BD08-DBD58D0B182C}"
EndProject
Global
	GlobalSection(SolutionConfigurationPlatforms) = preSolution
		Debug|Any CPU = Debug|Any CPU
		Debug|x64 = Debug|x64
		Debug|x86 = Debug|x86
		Release|Any CPU = Release|Any CPU
		Release|x64 = Release|x64
		Release|x86 = Release|x86
	EndGlobalSection
	GlobalSection(SolutionProperties) = preSolution
		HideSolutionNode = FALSE
	EndGlobalSection
	GlobalSection(ProjectConfigurationPlatforms) = postSolution
		{7CF1617B-9DA0-450D-A85F-E055BA399EA6}.Debug|Any CPU.ActiveCfg = Debug|Any CPU
		{7CF1617B-9DA0-450D-A85F-E055BA399EA6}.Debug|Any CPU.Build.0 = Debug|Any CPU
		{7CF1617B-9DA0-450D-A85F-E055BA399EA6}.Debug|x64.ActiveCfg = Debug|Any CPU
		{7CF1617B-9DA0-450D-A85F-E055BA399EA6}.Debug|x64.Build.0 = Debug|Any CPU
		{7CF1617B-9DA0-450D-A85F-E055BA399EA6}.Debug|x86.ActiveCfg = Debug|Any CPU
		{7CF1617B-9DA0-450D-A85F-E055BA399EA6}.Debug|x86.Build.0 = Debug|Any CPU
		{7CF1617B-9DA0-450D-A85F-E055BA399EA6}.Release|Any CPU.ActiveCfg = Release|Any CPU
		{7CF1617B-9DA0-450D-A85F-E055BA399EA6}.Release|Any CPU.Build.0 = Release|Any CPU
		{7CF1617B-9DA0-450D-A85F-E055BA399EA6}.Release|x64.ActiveCfg = Release|Any CPU
		{7CF1617B-9DA0-450D-A85F-E055BA399EA6}.Release|x64.Build.0 = Release|Any CPU
		{7CF1617B-9DA0-450D-A85F-E055BA399EA6}.Release|x86.ActiveCfg = Release|Any CPU
		{7CF1617B-9DA0-450D-A85F-E055BA399EA6}.Release|x86.Build.0 = Release|Any CPU
		{05D687DE-E88A-40E8-86B0-CEEB9CC16F48}.Debug|Any CPU.ActiveCfg = Debug|Any CPU
		{05D687DE-E88A-40E8-86B0-CEEB9CC16F48}.Debug|Any CPU.Build.0 = Debug|Any CPU
		{05D687DE-E88A-40E8-86B0-CEEB9CC16F48}.Debug|x64.ActiveCfg = Debug|Any CPU
		{05D687DE-E88A-40E8-86B0-CEEB9CC16F48}.Debug|x64.Build.0 = Debug|Any CPU
		{05D687DE-E88A-40E8-86B0-CEEB9CC16F48}.Debug|x86.ActiveCfg = Debug|Any CPU
		{05D687DE-E88A-40E8-86B0-CEEB9CC16F48}.Debug|x86.Build.0 = Debug|Any CPU
		{05D687DE-E88A-40E8-86B0-CEEB9CC16F48}.Release|Any CPU.ActiveCfg = Release|Any CPU
		{05D687DE-E88A-40E8-86B0-CEEB9CC16F48}.Release|Any CPU.Build.0 = Release|Any CPU
		{05D687DE-E88A-40E8-86B0-CEEB9CC16F48}.Release|x64.ActiveCfg = Release|Any CPU
		{05D687DE-E88A-40E8-86B0-CEEB9CC16F48}.Release|x64.Build.0 = Release|Any CPU
		{05D687DE-E88A-40E8-86B0-CEEB9CC16F48}.Release|x86.ActiveCfg = Release|Any CPU
		{05D687DE-E88A-40E8-86B0-CEEB9CC16F48}.Release|x86.Build.0 = Release|Any CPU
		{8B9D9B10-9869-4682-924B-72951EB6A35E}.Debug|Any CPU.ActiveCfg = Debug|Any CPU
		{8B9D9B10-9869-4682-924B-72951EB6A35E}.Debug|Any CPU.Build.0 = Debug|Any CPU
		{8B9D9B10-9869-4682-924B-72951EB6A35E}.Debug|x64.ActiveCfg = Debug|Any CPU
		{8B9D9B10-9869-4682-924B-72951EB6A35E}.Debug|x64.Build.0 = Debug|Any CPU
		{8B9D9B10-9869-4682-924B-72951EB6A35E}.Debug|x86.ActiveCfg = Debug|Any CPU
		{8B9D9B10-9869-4682-924B-72951EB6A35E}.Debug|x86.Build.0 = Debug|Any CPU
		{8B9D9B10-9869-4682-924B-72951EB6A35E}.Release|Any CPU.ActiveCfg = Release|Any CPU
		{8B9D9B10-9869-4682-924B-72951EB6A35E}.Release|Any CPU.Build.0 = Release|Any CPU
		{8B9D9B10-9869-4682-924B-72951EB6A35E}.Release|x64.ActiveCfg = Release|Any CPU
		{8B9D9B10-9869-4682-924B-72951EB6A35E}.Release|x64.Build.0 = Release|Any CPU
		{8B9D9B10-9869-4682-924B-72951EB6A35E}.Release|x86.ActiveCfg = Release|Any CPU
		{8B9D9B10-9869-4682-924B-72951EB6A35E}.Release|x86.Build.0 = Release|Any CPU
		{D14752BE-8381-44F5-BD08-DBD58D0B182C}.Debug|Any CPU.ActiveCfg = Debug|Any CPU
		{D14752BE-8381-44F5-BD08-DBD58D0B182C}.Debug|Any CPU.Build.0 = Debug|Any CPU
		{D14752BE-8381-44F5-BD08-DBD58D0B182C}.Debug|x64.ActiveCfg = Debug|Any CPU
		{D14752BE-8381-44F5-BD08-DBD58D0B182C}.Debug|x64.Build.0 = Debug|Any CPU
		{D14752BE-8381-44F5-BD08-DBD58D0B182C}.Debug|x86.ActiveCfg = Debug|Any CPU
		{D14752BE-8381-44F5-BD08-DBD58D0B182C}.Debug|x86.Build.0 = Debug|Any CPU
		{D14752BE-8381-44F5-BD08-DBD58D0B182C}.Release|Any CPU.ActiveCfg = Release|Any CPU
		{D14752BE-8381-44F5-BD08-DBD58D0B182C}.Release|Any CPU.Build.0 = Release|Any CPU
		{D14752BE-8381-44F5-BD08-DBD58D0B182C}.Release|x64.ActiveCfg = Release|Any CPU
		{D14752BE-8381-44F5-BD08-DBD58D0B182C}.Release|x64.Build.0 = Release|Any CPU
		{D14752BE-8381-44F5-BD08-DBD58D0B182C}.Release|x86.ActiveCfg = Release|Any CPU
		{D14752BE-8381-44F5-BD08-DBD58D0B182C}.Release|x86.Build.0 = Release|Any CPU
	EndGlobalSection
EndGlobal
